
Microsoft Visual Studio Solution File, Format Version 12.00
# Visual Studio 15
VisualStudioVersion = 15.0.27004.2008
MinimumVisualStudioVersion = 10.0.40219.1
Project("{FAE04EC0-301F-11D3-BF4B-00C04F79EFBC}") = "XamarinApp.Android", "XamarinApp\XamarinApp.Android\XamarinApp.Android.csproj", "{94BD813C-FEEA-4322-A8B9-159471E878D1}"
EndProject
Project("{FAE04EC0-301F-11D3-BF4B-00C04F79EFBC}") = "XamarinApp", "XamarinApp\XamarinApp\XamarinApp.csproj", "{F650AA17-5CE1-4F4E-9399-A0CAD31F6497}"
EndProject
Project("{FAE04EC0-301F-11D3-BF4B-00C04F79EFBC}") = "XamarinApp.iOS", "XamarinApp\XamarinApp.iOS\XamarinApp.iOS.csproj", "{F2C29635-9F24-4CA3-BEAB-2341715C4654}"
EndProject
Global
	GlobalSection(SolutionConfigurationPlatforms) = preSolution
		Ad-Hoc|Any CPU = Ad-Hoc|Any CPU
		Ad-Hoc|iPhone = Ad-Hoc|iPhone
		Ad-Hoc|iPhoneSimulator = Ad-Hoc|iPhoneSimulator
		AppStore|Any CPU = AppStore|Any CPU
		AppStore|iPhone = AppStore|iPhone
		AppStore|iPhoneSimulator = AppStore|iPhoneSimulator
		Debug|Any CPU = Debug|Any CPU
		Debug|iPhone = Debug|iPhone
		Debug|iPhoneSimulator = Debug|iPhoneSimulator
		Release|Any CPU = Release|Any CPU
		Release|iPhone = Release|iPhone
		Release|iPhoneSimulator = Release|iPhoneSimulator
	EndGlobalSection
	GlobalSection(ProjectConfigurationPlatforms) = postSolution
		{94BD813C-FEEA-4322-A8B9-159471E878D1}.Ad-Hoc|Any CPU.ActiveCfg = Release|Any CPU
		{94BD813C-FEEA-4322-A8B9-159471E878D1}.Ad-Hoc|Any CPU.Build.0 = Release|Any CPU
		{94BD813C-FEEA-4322-A8B9-159471E878D1}.Ad-Hoc|Any CPU.Deploy.0 = Release|Any CPU
		{94BD813C-FEEA-4322-A8B9-159471E878D1}.Ad-Hoc|iPhone.ActiveCfg = Release|Any CPU
		{94BD813C-FEEA-4322-A8B9-159471E878D1}.Ad-Hoc|iPhone.Build.0 = Release|Any CPU
		{94BD813C-FEEA-4322-A8B9-159471E878D1}.Ad-Hoc|iPhone.Deploy.0 = Release|Any CPU
		{94BD813C-FEEA-4322-A8B9-159471E878D1}.Ad-Hoc|iPhoneSimulator.ActiveCfg = Release|Any CPU
		{94BD813C-FEEA-4322-A8B9-159471E878D1}.Ad-Hoc|iPhoneSimulator.Build.0 = Release|Any CPU
		{94BD813C-FEEA-4322-A8B9-159471E878D1}.Ad-Hoc|iPhoneSimulator.Deploy.0 = Release|Any CPU
		{94BD813C-FEEA-4322-A8B9-159471E878D1}.AppStore|Any CPU.ActiveCfg = Release|Any CPU
		{94BD813C-FEEA-4322-A8B9-159471E878D1}.AppStore|Any CPU.Build.0 = Release|Any CPU
		{94BD813C-FEEA-4322-A8B9-159471E878D1}.AppStore|Any CPU.Deploy.0 = Release|Any CPU
		{94BD813C-FEEA-4322-A8B9-159471E878D1}.AppStore|iPhone.ActiveCfg = Release|Any CPU
		{94BD813C-FEEA-4322-A8B9-159471E878D1}.AppStore|iPhone.Build.0 = Release|Any CPU
		{94BD813C-FEEA-4322-A8B9-159471E878D1}.AppStore|iPhone.Deploy.0 = Release|Any CPU
		{94BD813C-FEEA-4322-A8B9-159471E878D1}.AppStore|iPhoneSimulator.ActiveCfg = Release|Any CPU
		{94BD813C-FEEA-4322-A8B9-159471E878D1}.AppStore|iPhoneSimulator.Build.0 = Release|Any CPU
		{94BD813C-FEEA-4322-A8B9-159471E878D1}.AppStore|iPhoneSimulator.Deploy.0 = Release|Any CPU
		{94BD813C-FEEA-4322-A8B9-159471E878D1}.Debug|Any CPU.ActiveCfg = Debug|Any CPU
		{94BD813C-FEEA-4322-A8B9-159471E878D1}.Debug|Any CPU.Build.0 = Debug|Any CPU
		{94BD813C-FEEA-4322-A8B9-159471E878D1}.Debug|Any CPU.Deploy.0 = Debug|Any CPU
		{94BD813C-FEEA-4322-A8B9-159471E878D1}.Debug|iPhone.ActiveCfg = Debug|Any CPU
		{94BD813C-FEEA-4322-A8B9-159471E878D1}.Debug|iPhone.Build.0 = Debug|Any CPU
		{94BD813C-FEEA-4322-A8B9-159471E878D1}.Debug|iPhone.Deploy.0 = Debug|Any CPU
		{94BD813C-FEEA-4322-A8B9-159471E878D1}.Debug|iPhoneSimulator.ActiveCfg = Debug|Any CPU
		{94BD813C-FEEA-4322-A8B9-159471E878D1}.Debug|iPhoneSimulator.Build.0 = Debug|Any CPU
		{94BD813C-FEEA-4322-A8B9-159471E878D1}.Debug|iPhoneSimulator.Deploy.0 = Debug|Any CPU
		{94BD813C-FEEA-4322-A8B9-159471E878D1}.Release|Any CPU.ActiveCfg = Release|Any CPU
		{94BD813C-FEEA-4322-A8B9-159471E878D1}.Release|Any CPU.Build.0 = Release|Any CPU
		{94BD813C-FEEA-4322-A8B9-159471E878D1}.Release|Any CPU.Deploy.0 = Release|Any CPU
		{94BD813C-FEEA-4322-A8B9-159471E878D1}.Release|iPhone.ActiveCfg = Release|Any CPU
		{94BD813C-FEEA-4322-A8B9-159471E878D1}.Release|iPhone.Build.0 = Release|Any CPU
		{94BD813C-FEEA-4322-A8B9-159471E878D1}.Release|iPhone.Deploy.0 = Release|Any CPU
		{94BD813C-FEEA-4322-A8B9-159471E878D1}.Release|iPhoneSimulator.ActiveCfg = Release|Any CPU
		{94BD813C-FEEA-4322-A8B9-159471E878D1}.Release|iPhoneSimulator.Build.0 = Release|Any CPU
		{94BD813C-FEEA-4322-A8B9-159471E878D1}.Release|iPhoneSimulator.Deploy.0 = Release|Any CPU
		{F650AA17-5CE1-4F4E-9399-A0CAD31F6497}.Ad-Hoc|Any CPU.ActiveCfg = Release|Any CPU
		{F650AA17-5CE1-4F4E-9399-A0CAD31F6497}.Ad-Hoc|Any CPU.Build.0 = Release|Any CPU
		{F650AA17-5CE1-4F4E-9399-A0CAD31F6497}.Ad-Hoc|iPhone.ActiveCfg = Release|Any CPU
		{F650AA17-5CE1-4F4E-9399-A0CAD31F6497}.Ad-Hoc|iPhone.Build.0 = Release|Any CPU
		{F650AA17-5CE1-4F4E-9399-A0CAD31F6497}.Ad-Hoc|iPhoneSimulator.ActiveCfg = Release|Any CPU
		{F650AA17-5CE1-4F4E-9399-A0CAD31F6497}.Ad-Hoc|iPhoneSimulator.Build.0 = Release|Any CPU
		{F650AA17-5CE1-4F4E-9399-A0CAD31F6497}.AppStore|Any CPU.ActiveCfg = Release|Any CPU
		{F650AA17-5CE1-4F4E-9399-A0CAD31F6497}.AppStore|Any CPU.Build.0 = Release|Any CPU
		{F650AA17-5CE1-4F4E-9399-A0CAD31F6497}.AppStore|iPhone.ActiveCfg = Release|Any CPU
		{F650AA17-5CE1-4F4E-9399-A0CAD31F6497}.AppStore|iPhone.Build.0 = Release|Any CPU
		{F650AA17-5CE1-4F4E-9399-A0CAD31F6497}.AppStore|iPhoneSimulator.ActiveCfg = Release|Any CPU
		{F650AA17-5CE1-4F4E-9399-A0CAD31F6497}.AppStore|iPhoneSimulator.Build.0 = Release|Any CPU
		{F650AA17-5CE1-4F4E-9399-A0CAD31F6497}.Debug|Any CPU.ActiveCfg = Debug|Any CPU
		{F650AA17-5CE1-4F4E-9399-A0CAD31F6497}.Debug|Any CPU.Build.0 = Debug|Any CPU
		{F650AA17-5CE1-4F4E-9399-A0CAD31F6497}.Debug|iPhone.ActiveCfg = Debug|Any CPU
		{F650AA17-5CE1-4F4E-9399-A0CAD31F6497}.Debug|iPhone.Build.0 = Debug|Any CPU
		{F650AA17-5CE1-4F4E-9399-A0CAD31F6497}.Debug|iPhoneSimulator.ActiveCfg = Debug|Any CPU
		{F650AA17-5CE1-4F4E-9399-A0CAD31F6497}.Debug|iPhoneSimulator.Build.0 = Debug|Any CPU
		{F650AA17-5CE1-4F4E-9399-A0CAD31F6497}.Release|Any CPU.ActiveCfg = Release|Any CPU
		{F650AA17-5CE1-4F4E-9399-A0CAD31F6497}.Release|Any CPU.Build.0 = Release|Any CPU
		{F650AA17-5CE1-4F4E-9399-A0CAD31F6497}.Release|iPhone.ActiveCfg = Release|Any CPU
		{F650AA17-5CE1-4F4E-9399-A0CAD31F6497}.Release|iPhone.Build.0 = Release|Any CPU
		{F650AA17-5CE1-4F4E-9399-A0CAD31F6497}.Release|iPhoneSimulator.ActiveCfg = Release|Any CPU
		{F650AA17-5CE1-4F4E-9399-A0CAD31F6497}.Release|iPhoneSimulator.Build.0 = Release|Any CPU
		{F2C29635-9F24-4CA3-BEAB-2341715C4654}.Ad-Hoc|Any CPU.ActiveCfg = Ad-Hoc|iPhoneSimulator
		{F2C29635-9F24-4CA3-BEAB-2341715C4654}.Ad-Hoc|iPhone.ActiveCfg = Ad-Hoc|iPhone
		{F2C29635-9F24-4CA3-BEAB-2341715C4654}.Ad-Hoc|iPhone.Build.0 = Ad-Hoc|iPhone
		{F2C29635-9F24-4CA3-BEAB-2341715C4654}.Ad-Hoc|iPhoneSimulator.ActiveCfg = Ad-Hoc|iPhoneSimulator
		{F2C29635-9F24-4CA3-BEAB-2341715C4654}.Ad-Hoc|iPhoneSimulator.Build.0 = Ad-Hoc|iPhoneSimulator
		{F2C29635-9F24-4CA3-BEAB-2341715C4654}.AppStore|Any CPU.ActiveCfg = AppStore|iPhoneSimulator
		{F2C29635-9F24-4CA3-BEAB-2341715C4654}.AppStore|iPhone.ActiveCfg = AppStore|iPhone
		{F2C29635-9F24-4CA3-BEAB-2341715C4654}.AppStore|iPhone.Build.0 = AppStore|iPhone
		{F2C29635-9F24-4CA3-BEAB-2341715C4654}.AppStore|iPhoneSimulator.ActiveCfg = AppStore|iPhoneSimulator
		{F2C29635-9F24-4CA3-BEAB-2341715C4654}.AppStore|iPhoneSimulator.Build.0 = AppStore|iPhoneSimulator
		{F2C29635-9F24-4CA3-BEAB-2341715C4654}.Debug|Any CPU.ActiveCfg = Debug|iPhoneSimulator
		{F2C29635-9F24-4CA3-BEAB-2341715C4654}.Debug|iPhone.ActiveCfg = Debug|iPhone
		{F2C29635-9F24-4CA3-BEAB-2341715C4654}.Debug|iPhone.Build.0 = Debug|iPhone
		{F2C29635-9F24-4CA3-BEAB-2341715C4654}.Debug|iPhoneSimulator.ActiveCfg = Debug|iPhoneSimulator
		{F2C29635-9F24-4CA3-BEAB-2341715C4654}.Debug|iPhoneSimulator.Build.0 = Debug|iPhoneSimulator
		{F2C29635-9F24-4CA3-BEAB-2341715C4654}.Release|Any CPU.ActiveCfg = Release|iPhoneSimulator
		{F2C29635-9F24-4CA3-BEAB-2341715C4654}.Release|iPhone.ActiveCfg = Release|iPhone
		{F2C29635-9F24-4CA3-BEAB-2341715C4654}.Release|iPhone.Build.0 = Release|iPhone
		{F2C29635-9F24-4CA3-BEAB-2341715C4654}.Release|iPhoneSimulator.ActiveCfg = Release|iPhoneSimulator
		{F2C29635-9F24-4CA3-BEAB-2341715C4654}.Release|iPhoneSimulator.Build.0 = Release|iPhoneSimulator
	EndGlobalSection
	GlobalSection(SolutionProperties) = preSolution
		HideSolutionNode = FALSE
	EndGlobalSection
	GlobalSection(ExtensibilityGlobals) = postSolution
		SolutionGuid = {7EB28378-37FB-4FE7-9487-89C63A28478D}
	EndGlobalSection
EndGlobal
